
Microsoft Visual Studio Solution File, Format Version 12.00
# Visual Studio Version 16
VisualStudioVersion = 16.0.31515.178
MinimumVisualStudioVersion = 10.0.40219.1
Project("{FAE04EC0-301F-11D3-BF4B-00C04F79EFBC}") = "ExamDemo", "ExamDemo\ExamDemo.csproj", "{03F7203D-BF06-4BB5-9253-DB9D3DE457E5}"
EndProject
Global
	GlobalSection(SolutionConfigurationPlatforms) = preSolution
		Debug|Any CPU = Debug|Any CPU
		Release|Any CPU = Release|Any CPU
	EndGlobalSection
	GlobalSection(ProjectConfigurationPlatforms) = postSolution
		{03F7203D-BF06-4BB5-9253-DB9D3DE457E5}.Debug|Any CPU.ActiveCfg = Debug|Any CPU
		{03F7203D-BF06-4BB5-9253-DB9D3DE457E5}.Debug|Any CPU.Build.0 = Debug|Any CPU
		{03F7203D-BF06-4BB5-9253-DB9D3DE457E5}.Release|Any CPU.ActiveCfg = Release|Any CPU
		{03F7203D-BF06-4BB5-9253-DB9D3DE457E5}.Release|Any CPU.Build.0 = Release|Any CPU
	EndGlobalSection
	GlobalSection(SolutionProperties) = preSolution
		HideSolutionNode = FALSE
	EndGlobalSection
	GlobalSection(ExtensibilityGlobals) = postSolution
		SolutionGuid = {75FAC544-33A3-4DD4-B0C5-2D63532CD7E8}
	EndGlobalSection
EndGlobal
